{
  "requires": true,
  "lockfileVersion": 1,
  "dependencies": {
    "@popperjs/core": {
      "version": "2.9.1",
      "resolved": "https://registry.npmjs.org/@popperjs/core/-/core-2.9.1.tgz",
      "integrity": "sha512-DvJbbn3dUgMxDnJLH+RZQPnXak1h4ZVYQ7CWiFWjQwBFkVajT4rfw2PdpHLTSTwxrYfnoEXkuBiwkDm6tPMQeA=="
    },
    "deepmerge": {
      "version": "4.2.2",
      "resolved": "https://registry.npmjs.org/deepmerge/-/deepmerge-4.2.2.tgz",
      "integrity": "sha512-FJ3UgI4gIl+PHZm53knsuSFpE+nESMr7M4v9QcgB7S63Kj/6WqMiFQJpBBYz1Pt+66bZpP3Q7Lye0Oo9MPKEdg=="
    },
    "shepherd.js": {
      "version": "8.2.3",
      "resolved": "https://registry.npmjs.org/shepherd.js/-/shepherd.js-8.2.3.tgz",
      "integrity": "sha512-OV4oaFqPdIuolP1eKELH65qCH8ie0wfC6YQ8FzLoVax14QoMbpBlBEaWt5Mqrt86OuIvzo+d3oPwoaqyA4ATCw==",
      "requires": {
        "@popperjs/core": "^2.9.1",
        "deepmerge": "^4.2.2",
        "smoothscroll-polyfill": "^0.4.4"
      }
    },
    "smoothscroll-polyfill": {
      "version": "0.4.4",
      "resolved": "https://registry.npmjs.org/smoothscroll-polyfill/-/smoothscroll-polyfill-0.4.4.tgz",
      "integrity": "sha512-TK5ZA9U5RqCwMpfoMq/l1mrH0JAR7y7KRvOBx0n2869aLxch+gT9GhN3yUfjiw+d/DiF1mKo14+hd62JyMmoBg=="
    }
  }
}
